
Microsoft Visual Studio Solution File, Format Version 12.00
# Visual Studio Version 17
VisualStudioVersion = 17.4.33110.190
MinimumVisualStudioVersion = 10.0.40219.1
Project("{FAE04EC0-301F-11D3-BF4B-00C04F79EFBC}") = "HotelListing", "HotelListing.csproj", "{7BE4337E-8190-4E65-8C47-E1053717C630}"
EndProject
Global
	GlobalSection(SolutionConfigurationPlatforms) = preSolution
		Debug|Any CPU = Debug|Any CPU
		Release|Any CPU = Release|Any CPU
	EndGlobalSection
	GlobalSection(ProjectConfigurationPlatforms) = postSolution
		{7BE4337E-8190-4E65-8C47-E1053717C630}.Debug|Any CPU.ActiveCfg = Debug|Any CPU
		{7BE4337E-8190-4E65-8C47-E1053717C630}.Debug|Any CPU.Build.0 = Debug|Any CPU
		{7BE4337E-8190-4E65-8C47-E1053717C630}.Release|Any CPU.ActiveCfg = Release|Any CPU
		{7BE4337E-8190-4E65-8C47-E1053717C630}.Release|Any CPU.Build.0 = Release|Any CPU
	EndGlobalSection
	GlobalSection(SolutionProperties) = preSolution
		HideSolutionNode = FALSE
	EndGlobalSection
	GlobalSection(ExtensibilityGlobals) = postSolution
		SolutionGuid = {3ABCF56A-1858-4275-87E5-F8DDBF50B472}
	EndGlobalSection
EndGlobal
